Microsoft Visual Studio Solution File, Format Version 12.00
# Visual Studio Version 17
VisualStudioVersion = 17.5.2.0
MinimumVisualStudioVersion = 10.0.40219.1
Project("{FAE04EC0-301F-11D3-BF4B-00C04F79EFBC}") = "Bilheteria", "Bilheteria\Bilheteria.csproj", "{B095D7A1-FAE1-1345-80B5-C9EB9999E72B}"
EndProject
Global
	GlobalSection(SolutionConfigurationPlatforms) = preSolution
		Debug|Any CPU = Debug|Any CPU
		Release|Any CPU = Release|Any CPU
	EndGlobalSection
	GlobalSection(ProjectConfigurationPlatforms) = postSolution
		{B095D7A1-FAE1-1345-80B5-C9EB9999E72B}.Debug|Any CPU.ActiveCfg = Debug|Any CPU
		{B095D7A1-FAE1-1345-80B5-C9EB9999E72B}.Debug|Any CPU.Build.0 = Debug|Any CPU
		{B095D7A1-FAE1-1345-80B5-C9EB9999E72B}.Release|Any CPU.ActiveCfg = Release|Any CPU
		{B095D7A1-FAE1-1345-80B5-C9EB9999E72B}.Release|Any CPU.Build.0 = Release|Any CPU
	EndGlobalSection
	GlobalSection(SolutionProperties) = preSolution
		HideSolutionNode = FALSE
	EndGlobalSection
	GlobalSection(ExtensibilityGlobals) = postSolution
		SolutionGuid = {F8E220F6-F2B5-44B0-85B9-F4C591DBFDEB}
	EndGlobalSection
EndGlobal
